PODS:
  - Flutter (1.0.0)
  - flutter_inputs (0.0.1):
    - Flutter

DEPENDENCIES:
  - Flutter (from `Flutter`)
  - flutter_inputs (from `.symlinks/plugins/flutter_inputs/ios`)

EXTERNAL SOURCES:
  Flutter:
    :path: Flutter
  flutter_inputs:
    :path: ".symlinks/plugins/flutter_inputs/ios"

SPEC CHECKSUMS:
  Flutter: 0e3d915762c693b495b44d77113d4970485de6ec
  flutter_inputs: f1e2ad9e795af05a2d51f4900f4590869e1b99fd

PODFILE CHECKSUM: aafe91acc616949ddb318b77800a7f51bffa2a4c

COCOAPODS: 1.9.3
